
Microsoft Visual Studio Solution File, Format Version 12.00
# Visual Studio Version 17
VisualStudioVersion = 17.4.33205.214
MinimumVisualStudioVersion = 10.0.40219.1
Project("{FAE04EC0-301F-11D3-BF4B-00C04F79EFBC}") = "GameProje", "GameProje\GameProje.csproj", "{9A036951-2140-4027-8E8F-E92AE181C67F}"
EndProject
Global
	GlobalSection(SolutionConfigurationPlatforms) = preSolution
		Debug|Any CPU = Debug|Any CPU
		Release|Any CPU = Release|Any CPU
	EndGlobalSection
	GlobalSection(ProjectConfigurationPlatforms) = postSolution
		{9A036951-2140-4027-8E8F-E92AE181C67F}.Debug|Any CPU.ActiveCfg = Debug|Any CPU
		{9A036951-2140-4027-8E8F-E92AE181C67F}.Debug|Any CPU.Build.0 = Debug|Any CPU
		{9A036951-2140-4027-8E8F-E92AE181C67F}.Release|Any CPU.ActiveCfg = Release|Any CPU
		{9A036951-2140-4027-8E8F-E92AE181C67F}.Release|Any CPU.Build.0 = Release|Any CPU
	EndGlobalSection
	GlobalSection(SolutionProperties) = preSolution
		HideSolutionNode = FALSE
	EndGlobalSection
	GlobalSection(ExtensibilityGlobals) = postSolution
		SolutionGuid = {DF54EAAF-80AD-49CA-B5D6-1383E1C69509}
	EndGlobalSection
EndGlobal
